# This file is automatically @generated by Cargo.
# It is not intended for manual editing.
version = 3

[[package]]
name = "arrayvec"
version = "0.5.2"
source = "registry+https://github.com/rust-lang/crates.io-index"
checksum = "23b62fc65de8e4e7f52534fb52b0f3ed04746ae267519eef2a83941e8085068b"

[[package]]
name = "autocfg"
version = "1.1.0"
source = "registry+https://github.com/rust-lang/crates.io-index"
checksum = "d468802bab17cbc0cc575e9b053f41e72aa36bfa6b7f55e3529ffa43161b97fa"

[[package]]
name = "cfg-if"
version = "1.0.0"
source = "registry+https://github.com/rust-lang/crates.io-index"
checksum = "baf1de4339761588bc0619e3cbc0120ee582ebb74b53b4efbf79117bd2da40fd"

[[package]]
name = "euclid"
version = "0.22.7"
source = "registry+https://github.com/rust-lang/crates.io-index"
checksum = "b52c2ef4a78da0ba68fbe1fd920627411096d2ac478f7f4c9f3a54ba6705bade"
dependencies = [
 "num-traits",
]

[[package]]
name = "extendr-api"
version = "0.2.0"
source = "git+https://github.com/extendr/extendr.git?rev=66149191b8e7e5ab54b4c42470ee81aae7704345#66149191b8e7e5ab54b4c42470ee81aae7704345"
dependencies = [
 "extendr-engine",
 "extendr-macros",
 "lazy_static",
 "libR-sys",
 "paste",
]

[[package]]
name = "extendr-engine"
version = "0.2.0"
source = "git+https://github.com/extendr/extendr.git?rev=66149191b8e7e5ab54b4c42470ee81aae7704345#66149191b8e7e5ab54b4c42470ee81aae7704345"
dependencies = [
 "libR-sys",
]

[[package]]
name = "extendr-macros"
version = "0.2.0"
source = "git+https://github.com/extendr/extendr.git?rev=66149191b8e7e5ab54b4c42470ee81aae7704345#66149191b8e7e5ab54b4c42470ee81aae7704345"
dependencies = [
 "proc-macro2",
 "quote",
 "syn",
]

[[package]]
name = "float_next_after"
version = "0.1.5"
source = "registry+https://github.com/rust-lang/crates.io-index"
checksum = "4fc612c5837986b7104a87a0df74a5460931f1c5274be12f8d0f40aa2f30d632"
dependencies = [
 "num-traits",
]

[[package]]
name = "fontdb"
version = "0.9.1"
source = "registry+https://github.com/rust-lang/crates.io-index"
checksum = "122fa73a5566372f9df09768a16e8e3dad7ad18abe07835f1f0b71f84078ba4c"
dependencies = [
 "log",
 "memmap2",
 "ttf-parser",
]

[[package]]
name = "lazy_static"
version = "1.4.0"
source = "registry+https://github.com/rust-lang/crates.io-index"
checksum = "e2abad23fbc42b3700f2f279844dc832adb2b2eb069b2df918f455c4e18cc646"

[[package]]
name = "libR-sys"
version = "0.2.2"
source = "registry+https://github.com/rust-lang/crates.io-index"
checksum = "bdf45e5498eb0fcd981b603e79f4c99819f8fc30a314fe28a32b99921a47c908"
dependencies = [
 "winapi",
]

[[package]]
name = "libc"
version = "0.2.126"
source = "registry+https://github.com/rust-lang/crates.io-index"
checksum = "349d5a591cd28b49e1d1037471617a32ddcda5731b99419008085f72d5a53836"

[[package]]
name = "log"
version = "0.4.17"
source = "registry+https://github.com/rust-lang/crates.io-index"
checksum = "abb12e687cfb44aa40f41fc3978ef76448f9b6038cad6aef4259d3c095a2382e"
dependencies = [
 "cfg-if",
]

[[package]]
name = "lyon"
version = "0.17.10"
source = "registry+https://github.com/rust-lang/crates.io-index"
checksum = "cf0510ed5e3e2fb80f3db2061ef5ca92d87bfda1a624bb1eacf3bd50226e4cbb"
dependencies = [
 "lyon_algorithms",
 "lyon_tessellation",
]

[[package]]
name = "lyon_algorithms"
version = "0.17.7"
source = "registry+https://github.com/rust-lang/crates.io-index"
checksum = "8037f716541ba0d84d3de05c0069f8068baf73990d55980558b84d944c8a244a"
dependencies = [
 "lyon_path",
 "sid",
]

[[package]]
name = "lyon_geom"
version = "0.17.6"
source = "registry+https://github.com/rust-lang/crates.io-index"
checksum = "ce99ce77c22bfd8f39a95b9c749dffbfc3e2491ea30c874764c801a8b1485489"
dependencies = [
 "arrayvec",
 "euclid",
 "num-traits",
]

[[package]]
name = "lyon_path"
version = "0.17.7"
source = "registry+https://github.com/rust-lang/crates.io-index"
checksum = "5b0a59fdf767ca0d887aa61d1b48d4bbf6a124c1a45503593f7d38ab945bfbc0"
dependencies = [
 "lyon_geom",
]

[[package]]
name = "lyon_tessellation"
version = "0.17.10"
source = "registry+https://github.com/rust-lang/crates.io-index"
checksum = "7230e08dd0638048e46f387f255dbe7a7344a3e6705beab53242b5af25635760"
dependencies = [
 "float_next_after",
 "lyon_path",
]

[[package]]
name = "memmap2"
version = "0.5.5"
source = "registry+https://github.com/rust-lang/crates.io-index"
checksum = "3a79b39c93a7a5a27eeaf9a23b5ff43f1b9e0ad6b1cdd441140ae53c35613fc7"
dependencies = [
 "libc",
]

[[package]]
name = "num-traits"
version = "0.2.15"
source = "registry+https://github.com/rust-lang/crates.io-index"
checksum = "578ede34cf02f8924ab9447f50c28075b4d3e5b269972345e7e0372b38c6cdcd"
dependencies = [
 "autocfg",
]

[[package]]
name = "once_cell"
version = "1.13.0"
source = "registry+https://github.com/rust-lang/crates.io-index"
checksum = "18a6dbe30758c9f83eb00cbea4ac95966305f5a7772f3f42ebfc7fc7eddbd8e1"

[[package]]
name = "paste"
version = "1.0.7"
source = "registry+https://github.com/rust-lang/crates.io-index"
checksum = "0c520e05135d6e763148b6426a837e239041653ba7becd2e538c076c738025fc"

[[package]]
name = "proc-macro2"
version = "1.0.38"
source = "registry+https://github.com/rust-lang/crates.io-index"
checksum = "9027b48e9d4c9175fa2218adf3557f91c1137021739951d4932f5f8268ac48aa"
dependencies = [
 "unicode-xid",
]

[[package]]
name = "quote"
version = "1.0.18"
source = "registry+https://github.com/rust-lang/crates.io-index"
checksum = "a1feb54ed693b93a84e14094943b84b7c4eae204c512b7ccb95ab0c66d278ad1"
dependencies = [
 "proc-macro2",
]

[[package]]
name = "sid"
version = "0.6.1"
source = "registry+https://github.com/rust-lang/crates.io-index"
checksum = "bd5ac56c121948b4879bba9e519852c211bcdd8f014efff766441deff0b91bdb"
dependencies = [
 "num-traits",
]

[[package]]
name = "string2path"
version = "0.2.0"
dependencies = [
 "extendr-api",
 "fontdb",
 "lyon",
 "once_cell",
 "ttf-parser",
]

[[package]]
name = "syn"
version = "1.0.94"
source = "registry+https://github.com/rust-lang/crates.io-index"
checksum = "a07e33e919ebcd69113d5be0e4d70c5707004ff45188910106854f38b960df4a"
dependencies = [
 "proc-macro2",
 "quote",
 "unicode-xid",
]

[[package]]
name = "ttf-parser"
version = "0.15.0"
source = "registry+https://github.com/rust-lang/crates.io-index"
checksum = "c74c96594835e10fa545e2a51e8709f30b173a092bfd6036ef2cec53376244f3"

[[package]]
name = "unicode-xid"
version = "0.2.3"
source = "registry+https://github.com/rust-lang/crates.io-index"
checksum = "957e51f3646910546462e67d5f7599b9e4fb8acdd304b087a6494730f9eebf04"

[[package]]
name = "winapi"
version = "0.3.9"
source = "registry+https://github.com/rust-lang/crates.io-index"
checksum = "5c839a674fcd7a98952e593242ea400abe93992746761e38641405d28b00f419"
dependencies = [
 "winapi-i686-pc-windows-gnu",
 "winapi-x86_64-pc-windows-gnu",
]

[[package]]
name = "winapi-i686-pc-windows-gnu"
version = "0.4.0"
source = "registry+https://github.com/rust-lang/crates.io-index"
checksum = "ac3b87c63620426dd9b991e5ce0329eff545bccbbb34f3be09ff6fb6ab51b7b6"

[[package]]
name = "winapi-x86_64-pc-windows-gnu"
version = "0.4.0"
source = "registry+https://github.com/rust-lang/crates.io-index"
checksum = "712e227841d057c1ee1cd2fb22fa7e5a5461ae8e48fa2ca79ec42cfc1931183f"
