# This file is automatically @generated by Cargo.
# It is not intended for manual editing.
version = 3

[[package]]
name = "arrayvec"
version = "0.7.2"
source = "registry+https://github.com/rust-lang/crates.io-index"
checksum = "8da52d66c7071e2e3fa2a1e5c6d088fec47b593032b254f5e980de8ea54454d6"

[[package]]
name = "autocfg"
version = "1.1.0"
source = "registry+https://github.com/rust-lang/crates.io-index"
checksum = "d468802bab17cbc0cc575e9b053f41e72aa36bfa6b7f55e3529ffa43161b97fa"

[[package]]
name = "cfg-if"
version = "1.0.0"
source = "registry+https://github.com/rust-lang/crates.io-index"
checksum = "baf1de4339761588bc0619e3cbc0120ee582ebb74b53b4efbf79117bd2da40fd"

[[package]]
name = "euclid"
version = "0.22.7"
source = "registry+https://github.com/rust-lang/crates.io-index"
checksum = "b52c2ef4a78da0ba68fbe1fd920627411096d2ac478f7f4c9f3a54ba6705bade"
dependencies = [
 "num-traits",
]

[[package]]
name = "extendr-api"
version = "0.3.1"
source = "git+https://github.com/yutannihilation/extendr.git?rev=263648f0e4853d18b8c0ed5f5fec071875e028a1#263648f0e4853d18b8c0ed5f5fec071875e028a1"
dependencies = [
 "extendr-engine",
 "extendr-macros",
 "lazy_static",
 "libR-sys",
 "paste",
]

[[package]]
name = "extendr-engine"
version = "0.3.1"
source = "git+https://github.com/yutannihilation/extendr.git?rev=263648f0e4853d18b8c0ed5f5fec071875e028a1#263648f0e4853d18b8c0ed5f5fec071875e028a1"
dependencies = [
 "libR-sys",
]

[[package]]
name = "extendr-macros"
version = "0.3.1"
source = "git+https://github.com/yutannihilation/extendr.git?rev=263648f0e4853d18b8c0ed5f5fec071875e028a1#263648f0e4853d18b8c0ed5f5fec071875e028a1"
dependencies = [
 "proc-macro2",
 "quote",
 "syn",
]

[[package]]
name = "float_next_after"
version = "0.1.5"
source = "registry+https://github.com/rust-lang/crates.io-index"
checksum = "4fc612c5837986b7104a87a0df74a5460931f1c5274be12f8d0f40aa2f30d632"
dependencies = [
 "num-traits",
]

[[package]]
name = "fontdb"
version = "0.9.1"
source = "registry+https://github.com/rust-lang/crates.io-index"
checksum = "122fa73a5566372f9df09768a16e8e3dad7ad18abe07835f1f0b71f84078ba4c"
dependencies = [
 "log",
 "memmap2",
 "ttf-parser",
]

[[package]]
name = "lazy_static"
version = "1.4.0"
source = "registry+https://github.com/rust-lang/crates.io-index"
checksum = "e2abad23fbc42b3700f2f279844dc832adb2b2eb069b2df918f455c4e18cc646"

[[package]]
name = "libR-sys"
version = "0.3.0"
source = "git+https://github.com/yutannihilation/libR-sys.git?rev=11ea1b837cb644a9f03fd4b0bfccfa7acca337ac#11ea1b837cb644a9f03fd4b0bfccfa7acca337ac"

[[package]]
name = "libc"
version = "0.2.126"
source = "registry+https://github.com/rust-lang/crates.io-index"
checksum = "349d5a591cd28b49e1d1037471617a32ddcda5731b99419008085f72d5a53836"

[[package]]
name = "log"
version = "0.4.17"
source = "registry+https://github.com/rust-lang/crates.io-index"
checksum = "abb12e687cfb44aa40f41fc3978ef76448f9b6038cad6aef4259d3c095a2382e"
dependencies = [
 "cfg-if",
]

[[package]]
name = "lyon"
version = "1.0.0"
source = "registry+https://github.com/rust-lang/crates.io-index"
checksum = "4a7d11c00fe6fa46f8ac8455ddcdf262b523de3c7bdfaf15b727db717c834c59"
dependencies = [
 "lyon_algorithms",
 "lyon_tessellation",
]

[[package]]
name = "lyon_algorithms"
version = "1.0.0"
source = "registry+https://github.com/rust-lang/crates.io-index"
checksum = "e11bf139ada9104d99cbbf1834ffbcda97d0e146b1779a08c31a289c6dc2cce9"
dependencies = [
 "lyon_path",
]

[[package]]
name = "lyon_geom"
version = "1.0.1"
source = "registry+https://github.com/rust-lang/crates.io-index"
checksum = "bd652c7370a873d62408f377f10333ff377956e0401759d854643de3af228d4f"
dependencies = [
 "arrayvec",
 "euclid",
 "num-traits",
]

[[package]]
name = "lyon_path"
version = "1.0.0"
source = "registry+https://github.com/rust-lang/crates.io-index"
checksum = "aa420866147eed0e63fc1e3be5ea45e88d1cc779b2f5a79d6cfd39720f95ac44"
dependencies = [
 "lyon_geom",
]

[[package]]
name = "lyon_tessellation"
version = "1.0.1"
source = "registry+https://github.com/rust-lang/crates.io-index"
checksum = "5a5783427c5ffede511f2823df3f025a267dc377df00c70ab7775c621c0e9f08"
dependencies = [
 "float_next_after",
 "lyon_path",
]

[[package]]
name = "memmap2"
version = "0.5.5"
source = "registry+https://github.com/rust-lang/crates.io-index"
checksum = "3a79b39c93a7a5a27eeaf9a23b5ff43f1b9e0ad6b1cdd441140ae53c35613fc7"
dependencies = [
 "libc",
]

[[package]]
name = "num-traits"
version = "0.2.15"
source = "registry+https://github.com/rust-lang/crates.io-index"
checksum = "578ede34cf02f8924ab9447f50c28075b4d3e5b269972345e7e0372b38c6cdcd"
dependencies = [
 "autocfg",
]

[[package]]
name = "once_cell"
version = "1.13.0"
source = "registry+https://github.com/rust-lang/crates.io-index"
checksum = "18a6dbe30758c9f83eb00cbea4ac95966305f5a7772f3f42ebfc7fc7eddbd8e1"

[[package]]
name = "paste"
version = "1.0.7"
source = "registry+https://github.com/rust-lang/crates.io-index"
checksum = "0c520e05135d6e763148b6426a837e239041653ba7becd2e538c076c738025fc"

[[package]]
name = "proc-macro2"
version = "1.0.40"
source = "registry+https://github.com/rust-lang/crates.io-index"
checksum = "dd96a1e8ed2596c337f8eae5f24924ec83f5ad5ab21ea8e455d3566c69fbcaf7"
dependencies = [
 "unicode-ident",
]

[[package]]
name = "quote"
version = "1.0.20"
source = "registry+https://github.com/rust-lang/crates.io-index"
checksum = "3bcdf212e9776fbcb2d23ab029360416bb1706b1aea2d1a5ba002727cbcab804"
dependencies = [
 "proc-macro2",
]

[[package]]
name = "string2path"
version = "0.2.0"
dependencies = [
 "extendr-api",
 "fontdb",
 "lyon",
 "once_cell",
 "ttf-parser",
]

[[package]]
name = "syn"
version = "1.0.98"
source = "registry+https://github.com/rust-lang/crates.io-index"
checksum = "c50aef8a904de4c23c788f104b7dddc7d6f79c647c7c8ce4cc8f73eb0ca773dd"
dependencies = [
 "proc-macro2",
 "quote",
 "unicode-ident",
]

[[package]]
name = "ttf-parser"
version = "0.15.2"
source = "registry+https://github.com/rust-lang/crates.io-index"
checksum = "7b3e06c9b9d80ed6b745c7159c40b311ad2916abb34a49e9be2653b90db0d8dd"

[[package]]
name = "unicode-ident"
version = "1.0.2"
source = "registry+https://github.com/rust-lang/crates.io-index"
checksum = "15c61ba63f9235225a22310255a29b806b907c9b8c964bcbd0a2c70f3f2deea7"
